{
  "name": "keen-tiled",
  "lockfileVersion": 2,
  "requires": true,
  "packages": {
    "": {
      "name": "keen-tiled",
      "dependencies": {
        "@mapeditor/tiled-api": "^1.8.1",
        "@types/node": "^17.0.18"
      }
    },
    "node_modules/@mapeditor/tiled-api": {
      "version": "1.8.1",
      "resolved": "https://registry.npmjs.org/@mapeditor/tiled-api/-/tiled-api-1.8.1.tgz",
      "integrity": "sha512-0582BGMkOhDAkiDxZFwTTi/QzUNPfnae9DSgBdVF7BH1b5AG+hVyfxQCePswWd52RdzlW8zQ5HR4+PqNveYXVg=="
    },
    "node_modules/@types/node": {
      "version": "17.0.18",
      "resolved": "https://registry.npmjs.org/@types/node/-/node-17.0.18.tgz",
      "integrity": "sha512-eKj4f/BsN/qcculZiRSujogjvp5O/k4lOW5m35NopjZM/QwLOR075a8pJW5hD+Rtdm2DaCVPENS6KtSQnUD6BA=="
    }
  },
  "dependencies": {
    "@mapeditor/tiled-api": {
      "version": "1.8.1",
      "resolved": "https://registry.npmjs.org/@mapeditor/tiled-api/-/tiled-api-1.8.1.tgz",
      "integrity": "sha512-0582BGMkOhDAkiDxZFwTTi/QzUNPfnae9DSgBdVF7BH1b5AG+hVyfxQCePswWd52RdzlW8zQ5HR4+PqNveYXVg=="
    },
    "@types/node": {
      "version": "17.0.18",
      "resolved": "https://registry.npmjs.org/@types/node/-/node-17.0.18.tgz",
      "integrity": "sha512-eKj4f/BsN/qcculZiRSujogjvp5O/k4lOW5m35NopjZM/QwLOR075a8pJW5hD+Rtdm2DaCVPENS6KtSQnUD6BA=="
    }
  }
}
